
Microsoft Visual Studio Solution File, Format Version 12.00
# Visual Studio 14
VisualStudioVersion = 14.0.25420.1
MinimumVisualStudioVersion = 10.0.40219.1
Project("{FAE04EC0-301F-11D3-BF4B-00C04F79EFBC}") = "Server", "Server\Server.csproj", "{A9241272-CD92-4A67-9A08-A0DD67936E40}"
EndProject
Project("{FAE04EC0-301F-11D3-BF4B-00C04F79EFBC}") = "ClientApp", "ClientApp\ClientApp.csproj", "{E0FF0127-59FD-47C2-B3E2-DB4518849F33}"
EndProject
Project("{FAE04EC0-301F-11D3-BF4B-00C04F79EFBC}") = "NetworkAPI", "NetworkAPI\NetworkAPI.csproj", "{B22B93A1-1DA2-4230-A4E8-48ACFC49A3B3}"
EndProject
Project("{FAE04EC0-301F-11D3-BF4B-00C04F79EFBC}") = "MySqlHelperY", "MySqlHelperY\MySqlHelperY.csproj", "{91C18EEA-8285-4409-9DFD-46909E5F1E8E}"
EndProject
Project("{FAE04EC0-301F-11D3-BF4B-00C04F79EFBC}") = "ClientAPI", "ClientAPI\ClientAPI.csproj", "{CA75D577-14E4-4AD6-BD7C-51EE27068529}"
EndProject
Project("{FAE04EC0-301F-11D3-BF4B-00C04F79EFBC}") = "DatabaseAPI", "DatabaseAPI\DatabaseAPI.csproj", "{BFF4923A-0BB8-406C-8F8D-A59C09414BFE}"
EndProject
Global
	GlobalSection(SolutionConfigurationPlatforms) = preSolution
		Debug|Any CPU = Debug|Any CPU
		Release|Any CPU = Release|Any CPU
	EndGlobalSection
	GlobalSection(ProjectConfigurationPlatforms) = postSolution
		{A9241272-CD92-4A67-9A08-A0DD67936E40}.Debug|Any CPU.ActiveCfg = Debug|Any CPU
		{A9241272-CD92-4A67-9A08-A0DD67936E40}.Debug|Any CPU.Build.0 = Debug|Any CPU
		{A9241272-CD92-4A67-9A08-A0DD67936E40}.Release|Any CPU.ActiveCfg = Release|Any CPU
		{A9241272-CD92-4A67-9A08-A0DD67936E40}.Release|Any CPU.Build.0 = Release|Any CPU
		{E0FF0127-59FD-47C2-B3E2-DB4518849F33}.Debug|Any CPU.ActiveCfg = Debug|Any CPU
		{E0FF0127-59FD-47C2-B3E2-DB4518849F33}.Debug|Any CPU.Build.0 = Debug|Any CPU
		{E0FF0127-59FD-47C2-B3E2-DB4518849F33}.Release|Any CPU.ActiveCfg = Release|Any CPU
		{E0FF0127-59FD-47C2-B3E2-DB4518849F33}.Release|Any CPU.Build.0 = Release|Any CPU
		{B22B93A1-1DA2-4230-A4E8-48ACFC49A3B3}.Debug|Any CPU.ActiveCfg = Debug|Any CPU
		{B22B93A1-1DA2-4230-A4E8-48ACFC49A3B3}.Debug|Any CPU.Build.0 = Debug|Any CPU
		{B22B93A1-1DA2-4230-A4E8-48ACFC49A3B3}.Release|Any CPU.ActiveCfg = Release|Any CPU
		{B22B93A1-1DA2-4230-A4E8-48ACFC49A3B3}.Release|Any CPU.Build.0 = Release|Any CPU
		{91C18EEA-8285-4409-9DFD-46909E5F1E8E}.Debug|Any CPU.ActiveCfg = Debug|Any CPU
		{91C18EEA-8285-4409-9DFD-46909E5F1E8E}.Debug|Any CPU.Build.0 = Debug|Any CPU
		{91C18EEA-8285-4409-9DFD-46909E5F1E8E}.Release|Any CPU.ActiveCfg = Release|Any CPU
		{91C18EEA-8285-4409-9DFD-46909E5F1E8E}.Release|Any CPU.Build.0 = Release|Any CPU
		{CA75D577-14E4-4AD6-BD7C-51EE27068529}.Debug|Any CPU.ActiveCfg = Debug|Any CPU
		{CA75D577-14E4-4AD6-BD7C-51EE27068529}.Debug|Any CPU.Build.0 = Debug|Any CPU
		{CA75D577-14E4-4AD6-BD7C-51EE27068529}.Release|Any CPU.ActiveCfg = Release|Any CPU
		{CA75D577-14E4-4AD6-BD7C-51EE27068529}.Release|Any CPU.Build.0 = Release|Any CPU
		{BFF4923A-0BB8-406C-8F8D-A59C09414BFE}.Debug|Any CPU.ActiveCfg = Debug|Any CPU
		{BFF4923A-0BB8-406C-8F8D-A59C09414BFE}.Debug|Any CPU.Build.0 = Debug|Any CPU
		{BFF4923A-0BB8-406C-8F8D-A59C09414BFE}.Release|Any CPU.ActiveCfg = Release|Any CPU
		{BFF4923A-0BB8-406C-8F8D-A59C09414BFE}.Release|Any CPU.Build.0 = Release|Any CPU
	EndGlobalSection
	GlobalSection(SolutionProperties) = preSolution
		HideSolutionNode = FALSE
	EndGlobalSection
EndGlobal
